
Microsoft Visual Studio Solution File, Format Version 12.00
Project("{FAE04EC0-301F-11D3-BF4B-00C04F79EFBC}") = "ShikimoriSharp", "ShikimoriSharp\ShikimoriSharp.csproj", "{867E415D-5611-43B1-B7C4-0C2F3F924637}"
EndProject
Project("{FAE04EC0-301F-11D3-BF4B-00C04F79EFBC}") = "TestTest", "TestTest\TestTest.csproj", "{0FAA84B4-CCA3-438A-B970-E8A828B783EE}"
EndProject
Global
	GlobalSection(SolutionConfigurationPlatforms) = preSolution
		Debug|Any CPU = Debug|Any CPU
		Release|Any CPU = Release|Any CPU
	EndGlobalSection
	GlobalSection(ProjectConfigurationPlatforms) = postSolution
		{867E415D-5611-43B1-B7C4-0C2F3F924637}.Debug|Any CPU.ActiveCfg = Debug|Any CPU
		{867E415D-5611-43B1-B7C4-0C2F3F924637}.Debug|Any CPU.Build.0 = Debug|Any CPU
		{867E415D-5611-43B1-B7C4-0C2F3F924637}.Release|Any CPU.ActiveCfg = Release|Any CPU
		{867E415D-5611-43B1-B7C4-0C2F3F924637}.Release|Any CPU.Build.0 = Release|Any CPU
		{0FAA84B4-CCA3-438A-B970-E8A828B783EE}.Debug|Any CPU.ActiveCfg = Debug|Any CPU
		{0FAA84B4-CCA3-438A-B970-E8A828B783EE}.Debug|Any CPU.Build.0 = Debug|Any CPU
		{0FAA84B4-CCA3-438A-B970-E8A828B783EE}.Release|Any CPU.ActiveCfg = Release|Any CPU
		{0FAA84B4-CCA3-438A-B970-E8A828B783EE}.Release|Any CPU.Build.0 = Release|Any CPU
	EndGlobalSection
EndGlobal
