
Microsoft Visual Studio Solution File, Format Version 12.00
Project("{FAE04EC0-301F-11D3-BF4B-00C04F79EFBC}") = "ShikimoriSharp", "ShikimoriSharp\ShikimoriSharp.csproj", "{867E415D-5611-43B1-B7C4-0C2F3F924637}"
EndProject
Project("{FAE04EC0-301F-11D3-BF4B-00C04F79EFBC}") = "ShikimoriSharp.Tests", "ShikimoriSharp.Tests\ShikimoriSharp.Tests.csproj", "{D60A10FC-8BCC-449F-AB8A-46B016828DCD}"
EndProject
Global
	GlobalSection(SolutionConfigurationPlatforms) = preSolution
		Debug|Any CPU = Debug|Any CPU
		Release|Any CPU = Release|Any CPU
	EndGlobalSection
	GlobalSection(ProjectConfigurationPlatforms) = postSolution
		{867E415D-5611-43B1-B7C4-0C2F3F924637}.Debug|Any CPU.ActiveCfg = Debug|Any CPU
		{867E415D-5611-43B1-B7C4-0C2F3F924637}.Debug|Any CPU.Build.0 = Debug|Any CPU
		{867E415D-5611-43B1-B7C4-0C2F3F924637}.Release|Any CPU.ActiveCfg = Release|Any CPU
		{867E415D-5611-43B1-B7C4-0C2F3F924637}.Release|Any CPU.Build.0 = Release|Any CPU
		{D60A10FC-8BCC-449F-AB8A-46B016828DCD}.Debug|Any CPU.ActiveCfg = Debug|Any CPU
		{D60A10FC-8BCC-449F-AB8A-46B016828DCD}.Debug|Any CPU.Build.0 = Debug|Any CPU
		{D60A10FC-8BCC-449F-AB8A-46B016828DCD}.Release|Any CPU.ActiveCfg = Release|Any CPU
		{D60A10FC-8BCC-449F-AB8A-46B016828DCD}.Release|Any CPU.Build.0 = Release|Any CPU
	EndGlobalSection
EndGlobal
